
Microsoft Visual Studio Solution File, Format Version 12.00
# Visual Studio 15
VisualStudioVersion = 15.0.27004.2002
MinimumVisualStudioVersion = 10.0.40219.1
Project("{8BC9CEB8-8B4A-11D0-8D11-00A0C91BC942}") = "test13.13", "Project1\Project1.vcxproj", "{51D1F7B1-9966-4EFE-8635-9A7F908E9423}"
EndProject
Project("{8BC9CEB8-8B4A-11D0-8D11-00A0C91BC942}") = "test13.18", "test13.18\test13.18.vcxproj", "{298E7D4D-8C20-4677-8869-4B76994895F3}"
EndProject
Project("{8BC9CEB8-8B4A-11D0-8D11-00A0C91BC942}") = "test13.22", "test13.22\test13.22.vcxproj", "{7CCC99BF-919F-42AC-BD5A-2CEAA65EA5A4}"
EndProject
Global
	GlobalSection(SolutionConfigurationPlatforms) = preSolution
		Debug|x64 = Debug|x64
		Debug|x86 = Debug|x86
		Release|x64 = Release|x64
		Release|x86 = Release|x86
	EndGlobalSection
	GlobalSection(ProjectConfigurationPlatforms) = postSolution
		{51D1F7B1-9966-4EFE-8635-9A7F908E9423}.Debug|x64.ActiveCfg = Debug|x64
		{51D1F7B1-9966-4EFE-8635-9A7F908E9423}.Debug|x64.Build.0 = Debug|x64
		{51D1F7B1-9966-4EFE-8635-9A7F908E9423}.Debug|x86.ActiveCfg = Debug|Win32
		{51D1F7B1-9966-4EFE-8635-9A7F908E9423}.Debug|x86.Build.0 = Debug|Win32
		{51D1F7B1-9966-4EFE-8635-9A7F908E9423}.Release|x64.ActiveCfg = Release|x64
		{51D1F7B1-9966-4EFE-8635-9A7F908E9423}.Release|x64.Build.0 = Release|x64
		{51D1F7B1-9966-4EFE-8635-9A7F908E9423}.Release|x86.ActiveCfg = Release|Win32
		{51D1F7B1-9966-4EFE-8635-9A7F908E9423}.Release|x86.Build.0 = Release|Win32
		{298E7D4D-8C20-4677-8869-4B76994895F3}.Debug|x64.ActiveCfg = Debug|x64
		{298E7D4D-8C20-4677-8869-4B76994895F3}.Debug|x64.Build.0 = Debug|x64
		{298E7D4D-8C20-4677-8869-4B76994895F3}.Debug|x86.ActiveCfg = Debug|Win32
		{298E7D4D-8C20-4677-8869-4B76994895F3}.Debug|x86.Build.0 = Debug|Win32
		{298E7D4D-8C20-4677-8869-4B76994895F3}.Release|x64.ActiveCfg = Release|x64
		{298E7D4D-8C20-4677-8869-4B76994895F3}.Release|x64.Build.0 = Release|x64
		{298E7D4D-8C20-4677-8869-4B76994895F3}.Release|x86.ActiveCfg = Release|Win32
		{298E7D4D-8C20-4677-8869-4B76994895F3}.Release|x86.Build.0 = Release|Win32
		{7CCC99BF-919F-42AC-BD5A-2CEAA65EA5A4}.Debug|x64.ActiveCfg = Debug|x64
		{7CCC99BF-919F-42AC-BD5A-2CEAA65EA5A4}.Debug|x64.Build.0 = Debug|x64
		{7CCC99BF-919F-42AC-BD5A-2CEAA65EA5A4}.Debug|x86.ActiveCfg = Debug|Win32
		{7CCC99BF-919F-42AC-BD5A-2CEAA65EA5A4}.Debug|x86.Build.0 = Debug|Win32
		{7CCC99BF-919F-42AC-BD5A-2CEAA65EA5A4}.Release|x64.ActiveCfg = Release|x64
		{7CCC99BF-919F-42AC-BD5A-2CEAA65EA5A4}.Release|x64.Build.0 = Release|x64
		{7CCC99BF-919F-42AC-BD5A-2CEAA65EA5A4}.Release|x86.ActiveCfg = Release|Win32
		{7CCC99BF-919F-42AC-BD5A-2CEAA65EA5A4}.Release|x86.Build.0 = Release|Win32
	EndGlobalSection
	GlobalSection(SolutionProperties) = preSolution
		HideSolutionNode = FALSE
	EndGlobalSection
	GlobalSection(ExtensibilityGlobals) = postSolution
		SolutionGuid = {0CFBF028-DD89-42DC-92A2-4DA4D4532138}
	EndGlobalSection
EndGlobal
